
Microsoft Visual Studio Solution File, Format Version 12.00
# Visual Studio 15
VisualStudioVersion = 15.0.27130.2036
MinimumVisualStudioVersion = 10.0.40219.1
Project("{FAE04EC0-301F-11D3-BF4B-00C04F79EFBC}") = "apollonLaunch", "apollonLaunch\apollonLaunch.csproj", "{747BF6E8-1FC7-4FE1-93A9-416119EEF396}"
EndProject
Global
	GlobalSection(SolutionConfigurationPlatforms) = preSolution
		Debug|Any CPU = Debug|Any CPU
		Release|Any CPU = Release|Any CPU
	EndGlobalSection
	GlobalSection(ProjectConfigurationPlatforms) = postSolution
		{747BF6E8-1FC7-4FE1-93A9-416119EEF396}.Debug|Any CPU.ActiveCfg = Debug|Any CPU
		{747BF6E8-1FC7-4FE1-93A9-416119EEF396}.Debug|Any CPU.Build.0 = Debug|Any CPU
		{747BF6E8-1FC7-4FE1-93A9-416119EEF396}.Release|Any CPU.ActiveCfg = Release|Any CPU
		{747BF6E8-1FC7-4FE1-93A9-416119EEF396}.Release|Any CPU.Build.0 = Release|Any CPU
	EndGlobalSection
	GlobalSection(SolutionProperties) = preSolution
		HideSolutionNode = FALSE
	EndGlobalSection
	GlobalSection(ExtensibilityGlobals) = postSolution
		SolutionGuid = {53C126D1-74ED-4241-8273-924FF68085EE}
	EndGlobalSection
EndGlobal
